
Microsoft Visual Studio Solution File, Format Version 12.00
# Visual Studio Version 16
VisualStudioVersion = 16.0.31019.35
MinimumVisualStudioVersion = 10.0.40219.1
Project("{FAE04EC0-301F-11D3-BF4B-00C04F79EFBC}") = "InverseIndex", "InverseIndex\InverseIndex.csproj", "{03EA719C-5C93-474E-85CF-FD28FE0EB331}"
EndProject
Global
	GlobalSection(SolutionConfigurationPlatforms) = preSolution
		Debug|Any CPU = Debug|Any CPU
		Release|Any CPU = Release|Any CPU
	EndGlobalSection
	GlobalSection(ProjectConfigurationPlatforms) = postSolution
		{03EA719C-5C93-474E-85CF-FD28FE0EB331}.Debug|Any CPU.ActiveCfg = Debug|Any CPU
		{03EA719C-5C93-474E-85CF-FD28FE0EB331}.Debug|Any CPU.Build.0 = Debug|Any CPU
		{03EA719C-5C93-474E-85CF-FD28FE0EB331}.Release|Any CPU.ActiveCfg = Release|Any CPU
		{03EA719C-5C93-474E-85CF-FD28FE0EB331}.Release|Any CPU.Build.0 = Release|Any CPU
	EndGlobalSection
	GlobalSection(SolutionProperties) = preSolution
		HideSolutionNode = FALSE
	EndGlobalSection
	GlobalSection(ExtensibilityGlobals) = postSolution
		SolutionGuid = {85FBD714-08F3-4CAE-9F5B-C5CC16C8FCB1}
	EndGlobalSection
EndGlobal
